$ terraform plan
aws_vpc.task_3_core_vpc: Refreshing state... [id=vpc-02c4bd5aab9e2be31]
aws_internet_gateway.task_3_core_igw_1: Refreshing state... [id=igw-0eec164e657a0f4bb]
aws_subnet.task_3_core_vpc_subnet_main: Refreshing state... [id=subnet-0d8cb02a84506210c]
aws_security_group.task_3_core_vpc_sg_vm_1: Refreshing state... [id=sg-03c9f58d9d418e9c3]
aws_security_group.task_3_core_vpc_sg_vm_2: Refreshing state... [id=sg-09501315096a8faea]
aws_route_table.task_3_core_route_table_1: Refreshing state... [id=rtb-00e618b1d3e6ae99a]
aws_instance.task_3_core_vm_1: Refreshing state... [id=i-04fdd6b325d0a2a48]
aws_main_route_table_association.task_3_core_vpc_main_route_table: Refreshing state... [id=rtbassoc-0d1fa48ab4cd23278]
aws_instance.task_3_core_vm_2: Refreshing state... [id=i-021d9c38e4690ce85]
aws_eip.task_3_core_vm_1_eip_1: Refreshing state... [id=eipalloc-0d98cc7e34a765fe7]

Terraform used the selected providers to generate the following execution plan. Resource actions are indicated with the following symbols:
  ~ update in-place
-/+ destroy and then create replacement

Terraform will perform the following actions:

  # aws_eip.task_3_core_vm_1_eip_1 will be updated in-place
  ~ resource "aws_eip" "task_3_core_vm_1_eip_1" {
        id                   = "eipalloc-0d98cc7e34a765fe7"
      ~ instance             = "i-04fdd6b325d0a2a48" -> (known after apply)
        tags                 = {
            "Name"  = "task-3-core-vm-1"
            "Payer" = "exadel-tasks"
        }
        # (12 unchanged attributes hidden)
    }

  # aws_instance.task_3_core_vm_1 must be replaced
-/+ resource "aws_instance" "task_3_core_vm_1" {
      ~ arn                                  = "arn:aws:ec2:us-east-1:469511139163:instance/i-04fdd6b325d0a2a48" -> (known after apply)
      ~ associate_public_ip_address          = true -> false # forces replacement
      ~ availability_zone                    = "us-east-1e" -> (known after apply)
      ~ cpu_core_count                       = 1 -> (known after apply)
      ~ cpu_threads_per_core                 = 1 -> (known after apply)
      ~ disable_api_stop                     = false -> (known after apply)
      ~ disable_api_termination              = false -> (known after apply)
      ~ ebs_optimized                        = false -> (known after apply)
      - hibernation                          = false -> null
      + host_id                              = (known after apply)
      ~ id                                   = "i-04fdd6b325d0a2a48" -> (known after apply)
      ~ instance_initiated_shutdown_behavior = "stop" -> (known after apply)
      ~ instance_state                       = "running" -> (known after apply)
      ~ ipv6_address_count                   = 0 -> (known after apply)
      ~ ipv6_addresses                       = [] -> (known after apply)
      ~ monitoring                           = false -> (known after apply)
      + outpost_arn                          = (known after apply)
      + password_data                        = (known after apply)
      + placement_group                      = (known after apply)
      + placement_partition_number           = (known after apply)
      ~ primary_network_interface_id         = "eni-04e435232fdf4aae2" -> (known after apply)
      ~ private_dns                          = "ip-10-0-10-188.ec2.internal" -> (known after apply)
      ~ private_ip                           = "10.0.10.188" -> (known after apply)
      + public_dns                           = (known after apply)
      ~ public_ip                            = "34.201.230.171" -> (known after apply)
      ~ secondary_private_ips                = [] -> (known after apply)
      ~ security_groups                      = [] -> (known after apply)
        tags                                 = {
            "Name"  = "task-3-core-vm-1"
            "Payer" = "exadel-tasks"
        }
      ~ tenancy                              = "default" -> (known after apply)
      + user_data_base64                     = (known after apply)
        # (10 unchanged attributes hidden)

      ~ capacity_reservation_specification {
          ~ capacity_reservation_preference = "open" -> (known after apply)

          + capacity_reservation_target {
              + capacity_reservation_id                 = (known after apply)
              + capacity_reservation_resource_group_arn = (known after apply)
            }
        }

      - credit_specification {
          - cpu_credits = "standard" -> null
        }

      + ebs_block_device {
          + delete_on_termination = (known after apply)
          + device_name           = (known after apply)
          + encrypted             = (known after apply)
          + iops                  = (known after apply)
          + kms_key_id            = (known after apply)
          + snapshot_id           = (known after apply)
          + tags                  = (known after apply)
          + throughput            = (known after apply)
          + volume_id             = (known after apply)
          + volume_size           = (known after apply)
          + volume_type           = (known after apply)
        }

      ~ enclave_options {
          ~ enabled = false -> (known after apply)
        }

      + ephemeral_block_device {
          + device_name  = (known after apply)
          + no_device    = (known after apply)
          + virtual_name = (known after apply)
        }

      ~ maintenance_options {
          ~ auto_recovery = "default" -> (known after apply)
        }

      ~ metadata_options {
          ~ http_endpoint               = "enabled" -> (known after apply)
          ~ http_put_response_hop_limit = 1 -> (known after apply)
          ~ http_tokens                 = "optional" -> (known after apply)
          ~ instance_metadata_tags      = "disabled" -> (known after apply)
        }

      + network_interface {
          + delete_on_termination = (known after apply)
          + device_index          = (known after apply)
          + network_card_index    = (known after apply)
          + network_interface_id  = (known after apply)
        }

      ~ private_dns_name_options {
          ~ enable_resource_name_dns_a_record    = false -> (known after apply)
          ~ enable_resource_name_dns_aaaa_record = false -> (known after apply)
          ~ hostname_type                        = "ip-name" -> (known after apply)
        }

      ~ root_block_device {
          ~ device_name           = "/dev/sda1" -> (known after apply)
          ~ encrypted             = false -> (known after apply)
          ~ iops                  = 100 -> (known after apply)
          + kms_key_id            = (known after apply)
          - tags                  = {} -> null
          ~ throughput            = 0 -> (known after apply)
          ~ volume_id             = "vol-0f6821b25e279a936" -> (known after apply)
          ~ volume_type           = "gp2" -> (known after apply)
            # (2 unchanged attributes hidden)
        }
    }

  # aws_instance.task_3_core_vm_2 must be replaced
-/+ resource "aws_instance" "task_3_core_vm_2" {
      ~ ami                                  = "ami-0cff7528ff583bf9a" -> "ami-00e87074e52e6c9f9" # forces replacement
      ~ arn                                  = "arn:aws:ec2:us-east-1:469511139163:instance/i-021d9c38e4690ce85" -> (known after apply)
      ~ availability_zone                    = "us-east-1e" -> (known after apply)
      ~ cpu_core_count                       = 1 -> (known after apply)
      ~ cpu_threads_per_core                 = 1 -> (known after apply)
      ~ disable_api_stop                     = false -> (known after apply)
      ~ disable_api_termination              = false -> (known after apply)
      ~ ebs_optimized                        = false -> (known after apply)
      - hibernation                          = false -> null
      + host_id                              = (known after apply)
      ~ id                                   = "i-021d9c38e4690ce85" -> (known after apply)
      ~ instance_initiated_shutdown_behavior = "stop" -> (known after apply)
      ~ instance_state                       = "running" -> (known after apply)
      ~ ipv6_address_count                   = 0 -> (known after apply)
      ~ ipv6_addresses                       = [] -> (known after apply)
      ~ monitoring                           = false -> (known after apply)
      + outpost_arn                          = (known after apply)
      + password_data                        = (known after apply)
      + placement_group                      = (known after apply)
      + placement_partition_number           = (known after apply)
      ~ primary_network_interface_id         = "eni-06cc14bd8cc0891a6" -> (known after apply)
      ~ private_dns                          = "ip-10-0-10-241.ec2.internal" -> (known after apply)
      ~ private_ip                           = "10.0.10.241" -> (known after apply)
      + public_dns                           = (known after apply)
      + public_ip                            = (known after apply)
      ~ secondary_private_ips                = [] -> (known after apply)
      ~ security_groups                      = [] -> (known after apply)
        tags                                 = {
            "Name"  = "task-3-core-vm-2"
            "Payer" = "exadel-tasks"
        }
      ~ tenancy                              = "default" -> (known after apply)
      + user_data                            = (known after apply)
      + user_data_base64                     = (known after apply)
        # (9 unchanged attributes hidden)

      ~ capacity_reservation_specification {
          ~ capacity_reservation_preference = "open" -> (known after apply)

          + capacity_reservation_target {
              + capacity_reservation_id                 = (known after apply)
              + capacity_reservation_resource_group_arn = (known after apply)
            }
        }

      - credit_specification {
          - cpu_credits = "standard" -> null
        }

      + ebs_block_device {
          + delete_on_termination = (known after apply)
          + device_name           = (known after apply)
          + encrypted             = (known after apply)
          + iops                  = (known after apply)
          + kms_key_id            = (known after apply)
          + snapshot_id           = (known after apply)
          + tags                  = (known after apply)
          + throughput            = (known after apply)
          + volume_id             = (known after apply)
          + volume_size           = (known after apply)
          + volume_type           = (known after apply)
        }

      ~ enclave_options {
          ~ enabled = false -> (known after apply)
        }

      + ephemeral_block_device {
          + device_name  = (known after apply)
          + no_device    = (known after apply)
          + virtual_name = (known after apply)
        }

      ~ maintenance_options {
          ~ auto_recovery = "default" -> (known after apply)
        }

      ~ metadata_options {
          ~ http_endpoint               = "enabled" -> (known after apply)
          ~ http_put_response_hop_limit = 1 -> (known after apply)
          ~ http_tokens                 = "optional" -> (known after apply)
          ~ instance_metadata_tags      = "disabled" -> (known after apply)
        }

      + network_interface {
          + delete_on_termination = (known after apply)
          + device_index          = (known after apply)
          + network_card_index    = (known after apply)
          + network_interface_id  = (known after apply)
        }

      ~ private_dns_name_options {
          ~ enable_resource_name_dns_a_record    = false -> (known after apply)
          ~ enable_resource_name_dns_aaaa_record = false -> (known after apply)
          ~ hostname_type                        = "ip-name" -> (known after apply)
        }

      ~ root_block_device {
          ~ device_name           = "/dev/xvda" -> (known after apply)
          ~ encrypted             = false -> (known after apply)
          ~ iops                  = 100 -> (known after apply)
          + kms_key_id            = (known after apply)
          - tags                  = {} -> null
          ~ throughput            = 0 -> (known after apply)
          ~ volume_id             = "vol-0636ce0acd8e4d19f" -> (known after apply)
          ~ volume_type           = "gp2" -> (known after apply)
            # (2 unchanged attributes hidden)
        }
    }

Plan: 2 to add, 1 to change, 2 to destroy.

──────────────────────────────────────────────────────────────────────────────────────────────────────────────────────────────────────────────────────────────────────────────────────────────

Note: You didn't use the -out option to save this plan, so Terraform can't guarantee to take exactly these actions if you run "terraform apply" now.
